
Microsoft Visual Studio Solution File, Format Version 12.00
# Visual Studio Version 17
VisualStudioVersion = 17.6.33815.320
MinimumVisualStudioVersion = 10.0.40219.1
Project("{FAE04EC0-301F-11D3-BF4B-00C04F79EFBC}") = "SampleAPI", "SampleAPI\SampleAPI.csproj", "{A3CE8469-6E32-48CA-AFD1-B54303B6D8F6}"
EndProject
Global
	GlobalSection(SolutionConfigurationPlatforms) = preSolution
		Debug|Any CPU = Debug|Any CPU
		Release|Any CPU = Release|Any CPU
	EndGlobalSection
	GlobalSection(ProjectConfigurationPlatforms) = postSolution
		{A3CE8469-6E32-48CA-AFD1-B54303B6D8F6}.Debug|Any CPU.ActiveCfg = Debug|Any CPU
		{A3CE8469-6E32-48CA-AFD1-B54303B6D8F6}.Debug|Any CPU.Build.0 = Debug|Any CPU
		{A3CE8469-6E32-48CA-AFD1-B54303B6D8F6}.Release|Any CPU.ActiveCfg = Release|Any CPU
		{A3CE8469-6E32-48CA-AFD1-B54303B6D8F6}.Release|Any CPU.Build.0 = Release|Any CPU
	EndGlobalSection
	GlobalSection(SolutionProperties) = preSolution
		HideSolutionNode = FALSE
	EndGlobalSection
	GlobalSection(ExtensibilityGlobals) = postSolution
		SolutionGuid = {1C8743C9-3558-4CCA-8CFE-935AC9541679}
	EndGlobalSection
EndGlobal
